
Microsoft Visual Studio Solution File, Format Version 12.00
# Visual Studio Version 16
VisualStudioVersion = 16.0.30907.101
MinimumVisualStudioVersion = 10.0.40219.1
Project("{FAE04EC0-301F-11D3-BF4B-00C04F79EFBC}") = "Przychodnia", "Przychodnia\Przychodnia.csproj", "{C8F36F3C-EFA1-4B0F-B487-90E0C95C11F4}"
EndProject
Global
	GlobalSection(SolutionConfigurationPlatforms) = preSolution
		Debug|Any CPU = Debug|Any CPU
		Release|Any CPU = Release|Any CPU
	EndGlobalSection
	GlobalSection(ProjectConfigurationPlatforms) = postSolution
		{C8F36F3C-EFA1-4B0F-B487-90E0C95C11F4}.Debug|Any CPU.ActiveCfg = Debug|Any CPU
		{C8F36F3C-EFA1-4B0F-B487-90E0C95C11F4}.Debug|Any CPU.Build.0 = Debug|Any CPU
		{C8F36F3C-EFA1-4B0F-B487-90E0C95C11F4}.Release|Any CPU.ActiveCfg = Release|Any CPU
		{C8F36F3C-EFA1-4B0F-B487-90E0C95C11F4}.Release|Any CPU.Build.0 = Release|Any CPU
	EndGlobalSection
	GlobalSection(SolutionProperties) = preSolution
		HideSolutionNode = FALSE
	EndGlobalSection
	GlobalSection(ExtensibilityGlobals) = postSolution
		SolutionGuid = {9734F989-8197-44D6-B19E-637C70D69D15}
	EndGlobalSection
EndGlobal
